
Microsoft Visual Studio Solution File, Format Version 12.00
# Visual Studio Version 16
VisualStudioVersion = 16.0.30717.126
MinimumVisualStudioVersion = 10.0.40219.1
Project("{FAE04EC0-301F-11D3-BF4B-00C04F79EFBC}") = "CodingDojo6", "CodingDojo6.csproj", "{C05FE2D7-3197-4D4A-8FFF-473C37676F21}"
EndProject
Global
	GlobalSection(SolutionConfigurationPlatforms) = preSolution
		Debug|Any CPU = Debug|Any CPU
		Release|Any CPU = Release|Any CPU
	EndGlobalSection
	GlobalSection(ProjectConfigurationPlatforms) = postSolution
		{C05FE2D7-3197-4D4A-8FFF-473C37676F21}.Debug|Any CPU.ActiveCfg = Debug|Any CPU
		{C05FE2D7-3197-4D4A-8FFF-473C37676F21}.Debug|Any CPU.Build.0 = Debug|Any CPU
		{C05FE2D7-3197-4D4A-8FFF-473C37676F21}.Release|Any CPU.ActiveCfg = Release|Any CPU
		{C05FE2D7-3197-4D4A-8FFF-473C37676F21}.Release|Any CPU.Build.0 = Release|Any CPU
	EndGlobalSection
	GlobalSection(SolutionProperties) = preSolution
		HideSolutionNode = FALSE
	EndGlobalSection
	GlobalSection(ExtensibilityGlobals) = postSolution
		SolutionGuid = {3332C5F2-0F60-4A29-91DE-3544360E0C41}
	EndGlobalSection
EndGlobal
